// !$*UTF8*$!
{
	archiveVersion = 1;
	classes = {
	};
	objectVersion = 56;
	objects = {

/* Begin PBXBuildFile section */
		E4032413292CC1A60076CC97 /* EssentialFeed.framework in Frameworks */ = {isa = PBXBuildFile; fileRef = E403240A292CC1A60076CC97 /* EssentialFeed.framework */; };
		E4032419292CC1A60076CC97 /* EssentialFeed.h in Headers */ = {isa = PBXBuildFile; fileRef = E403240D292CC1A60076CC97 /* EssentialFeed.h */; settings = {ATTRIBUTES = (Public, ); }; };
		E4032423292CC1EA0076CC97 /* FeedImage.swift in Sources */ = {isa = PBXBuildFile; fileRef = E4032422292CC1EA0076CC97 /* FeedImage.swift */; };
		E4032425292CC3D00076CC97 /* FeedLoader.swift in Sources */ = {isa = PBXBuildFile; fileRef = E4032424292CC3D00076CC97 /* FeedLoader.swift */; };
		E4032428292DC3D40076CC97 /* LoadFeedFromRemoteUseCaseTests.swift in Sources */ = {isa = PBXBuildFile; fileRef = E4032427292DC3D40076CC97 /* LoadFeedFromRemoteUseCaseTests.swift */; };
		E403242B292F4B6B0076CC97 /* RemoteFeedLoader.swift in Sources */ = {isa = PBXBuildFile; fileRef = E403242A292F4B6B0076CC97 /* RemoteFeedLoader.swift */; };
		E40324432932245E0076CC97 /* HTTPClient.swift in Sources */ = {isa = PBXBuildFile; fileRef = E40324422932245E0076CC97 /* HTTPClient.swift */; };
		E4032445293225100076CC97 /* FeedItemsMapper.swift in Sources */ = {isa = PBXBuildFile; fileRef = E4032444293225100076CC97 /* FeedItemsMapper.swift */; };
		E40324482933401B0076CC97 /* URLSessionHTTPClientTests.swift in Sources */ = {isa = PBXBuildFile; fileRef = E40324472933401B0076CC97 /* URLSessionHTTPClientTests.swift */; };
		E403244B2936FC0B0076CC97 /* XCTestCase+MemoryLeakTracking.swift in Sources */ = {isa = PBXBuildFile; fileRef = E403244A2936FC0B0076CC97 /* XCTestCase+MemoryLeakTracking.swift */; };
		E403244D293739F90076CC97 /* URLSessionHTTPClient.swift in Sources */ = {isa = PBXBuildFile; fileRef = E403244C293739F90076CC97 /* URLSessionHTTPClient.swift */; };
		E4032455293749000076CC97 /* EssentialFeedAPIEndToEndTests.swift in Sources */ = {isa = PBXBuildFile; fileRef = E4032454293749000076CC97 /* EssentialFeedAPIEndToEndTests.swift */; };
		E4032456293749000076CC97 /* EssentialFeed.framework in Frameworks */ = {isa = PBXBuildFile; fileRef = E403240A292CC1A60076CC97 /* EssentialFeed.framework */; };
		E403245C29375D1F0076CC97 /* XCTestCase+MemoryLeakTracking.swift in Sources */ = {isa = PBXBuildFile; fileRef = E403244A2936FC0B0076CC97 /* XCTestCase+MemoryLeakTracking.swift */; };
		E41DAB48295420B3003DCAF7 /* CodableFeedStoreTests.swift in Sources */ = {isa = PBXBuildFile; fileRef = E41DAB47295420B3003DCAF7 /* CodableFeedStoreTests.swift */; };
		E472E303295C1C4E005FBC71 /* CodableFeedStore.swift in Sources */ = {isa = PBXBuildFile; fileRef = E472E302295C1C4E005FBC71 /* CodableFeedStore.swift */; };
		E472E305295DCC84005FBC71 /* FeedStoreSpecs.swift in Sources */ = {isa = PBXBuildFile; fileRef = E472E304295DCC84005FBC71 /* FeedStoreSpecs.swift */; };
		E472E307295DCD58005FBC71 /* XCTestCase+FeedStoreSpecs.swift in Sources */ = {isa = PBXBuildFile; fileRef = E472E306295DCD58005FBC71 /* XCTestCase+FeedStoreSpecs.swift */; };
		E472E309296286D3005FBC71 /* CoreDataFeedStoreTests.swift in Sources */ = {isa = PBXBuildFile; fileRef = E472E308296286D3005FBC71 /* CoreDataFeedStoreTests.swift */; };
		E472E30B296289B7005FBC71 /* CoreDataFeedStore.swift in Sources */ = {isa = PBXBuildFile; fileRef = E472E30A296289B7005FBC71 /* CoreDataFeedStore.swift */; };
		E472E30E29628C2F005FBC71 /* FeedStore.xcdatamodeld in Sources */ = {isa = PBXBuildFile; fileRef = E472E30C29628C2F005FBC71 /* FeedStore.xcdatamodeld */; };
		E472E3132963E088005FBC71 /* CoreDataHelpers.swift in Sources */ = {isa = PBXBuildFile; fileRef = E472E3122963E088005FBC71 /* CoreDataHelpers.swift */; };
		E472E3152963E0E2005FBC71 /* ManagedCache.swift in Sources */ = {isa = PBXBuildFile; fileRef = E472E3142963E0E2005FBC71 /* ManagedCache.swift */; };
		E472E3172963E0F6005FBC71 /* ManagedFeedImage.swift in Sources */ = {isa = PBXBuildFile; fileRef = E472E3162963E0F6005FBC71 /* ManagedFeedImage.swift */; };
		E472E31F29652FBA005FBC71 /* EssentialFeedCacheIntegrationTests.swift in Sources */ = {isa = PBXBuildFile; fileRef = E472E31E29652FBA005FBC71 /* EssentialFeedCacheIntegrationTests.swift */; };
		E472E32029652FBA005FBC71 /* EssentialFeed.framework in Frameworks */ = {isa = PBXBuildFile; fileRef = E403240A292CC1A60076CC97 /* EssentialFeed.framework */; };
		E4ADCD9E2945D4AB007EB0E3 /* CacheFeedUseCaseTests.swift in Sources */ = {isa = PBXBuildFile; fileRef = E4ADCD9D2945D4AB007EB0E3 /* CacheFeedUseCaseTests.swift */; };
		E4ADCDA129483463007EB0E3 /* LocalFeedLoader.swift in Sources */ = {isa = PBXBuildFile; fileRef = E4ADCDA029483463007EB0E3 /* LocalFeedLoader.swift */; };
		E4ADCDA3294834F3007EB0E3 /* FeedStore.swift in Sources */ = {isa = PBXBuildFile; fileRef = E4ADCDA2294834F3007EB0E3 /* FeedStore.swift */; };
		E4ADCDA829486227007EB0E3 /* RemoteFeedItem.swift in Sources */ = {isa = PBXBuildFile; fileRef = E4ADCDA729486227007EB0E3 /* RemoteFeedItem.swift */; };
		E4ADCDAA294862D7007EB0E3 /* LocalFeedImage.swift in Sources */ = {isa = PBXBuildFile; fileRef = E4ADCDA9294862D7007EB0E3 /* LocalFeedImage.swift */; };
		E4ADCDAC294971A0007EB0E3 /* LoadFeedFromCacheUseCaseTests.swift in Sources */ = {isa = PBXBuildFile; fileRef = E4ADCDAB294971A0007EB0E3 /* LoadFeedFromCacheUseCaseTests.swift */; };
		E4ADCDAF2949735D007EB0E3 /* FeedStoreSpy.swift in Sources */ = {isa = PBXBuildFile; fileRef = E4ADCDAE2949735D007EB0E3 /* FeedStoreSpy.swift */; };
		E4C8D3B22951697A008A2C7A /* ValidateFeedCacheUseCaseTests.swift in Sources */ = {isa = PBXBuildFile; fileRef = E4C8D3B12951697A008A2C7A /* ValidateFeedCacheUseCaseTests.swift */; };
		E4C8D3B42951728B008A2C7A /* FeedCacheTestHelpers.swift in Sources */ = {isa = PBXBuildFile; fileRef = E4C8D3B32951728B008A2C7A /* FeedCacheTestHelpers.swift */; };
		E4C8D3B6295172E1008A2C7A /* SharedTestHelpers.swift in Sources */ = {isa = PBXBuildFile; fileRef = E4C8D3B5295172E1008A2C7A /* SharedTestHelpers.swift */; };
		E4C8D3B82951CC24008A2C7A /* FeedCachePolicy.swift in Sources */ = {isa = PBXBuildFile; fileRef = E4C8D3B72951CC24008A2C7A /* FeedCachePolicy.swift */; };
/* End PBXBuildFile section */

/* Begin PBXContainerItemProxy section */
		E4032414292CC1A60076CC97 /* PBXContainerItemProxy */ = {
			isa = PBXContainerItemProxy;
			containerPortal = E4032401292CC1A60076CC97 /* Project object */;
			proxyType = 1;
			remoteGlobalIDString = E4032409292CC1A60076CC97;
			remoteInfo = EssentialFeed;
		};
		E4032457293749000076CC97 /* PBXContainerItemProxy */ = {
			isa = PBXContainerItemProxy;
			containerPortal = E4032401292CC1A60076CC97 /* Project object */;
			proxyType = 1;
			remoteGlobalIDString = E4032409292CC1A60076CC97;
			remoteInfo = EssentialFeed;
		};
		E472E32129652FBA005FBC71 /* PBXContainerItemProxy */ = {
			isa = PBXContainerItemProxy;
			containerPortal = E4032401292CC1A60076CC97 /* Project object */;
			proxyType = 1;
			remoteGlobalIDString = E4032409292CC1A60076CC97;
			remoteInfo = EssentialFeed;
		};
/* End PBXContainerItemProxy section */

/* Begin PBXFileReference section */
		E403240A292CC1A60076CC97 /* EssentialFeed.framework */ = {isa = PBXFileReference; explicitFileType = wrapper.framework; includeInIndex = 0; path = EssentialFeed.framework; sourceTree = BUILT_PRODUCTS_DIR; };
		E403240D292CC1A60076CC97 /* EssentialFeed.h */ = {isa = PBXFileReference; lastKnownFileType = sourcecode.c.h; path = EssentialFeed.h; sourceTree = "<group>"; };
		E4032412292CC1A60076CC97 /* EssentialFeedTests.xctest */ = {isa = PBXFileReference; explicitFileType = wrapper.cfbundle; includeInIndex = 0; path = EssentialFeedTests.xctest; sourceTree = BUILT_PRODUCTS_DIR; };
		E4032422292CC1EA0076CC97 /* FeedImage.swift */ = {isa = PBXFileReference; lastKnownFileType = sourcecode.swift; path = FeedImage.swift; sourceTree = "<group>"; };
		E4032424292CC3D00076CC97 /* FeedLoader.swift */ = {isa = PBXFileReference; lastKnownFileType = sourcecode.swift; path = FeedLoader.swift; sourceTree = "<group>"; };
		E4032427292DC3D40076CC97 /* LoadFeedFromRemoteUseCaseTests.swift */ = {isa = PBXFileReference; lastKnownFileType = sourcecode.swift; path = LoadFeedFromRemoteUseCaseTests.swift; sourceTree = "<group>"; };
		E403242A292F4B6B0076CC97 /* RemoteFeedLoader.swift */ = {isa = PBXFileReference; lastKnownFileType = sourcecode.swift; path = RemoteFeedLoader.swift; sourceTree = "<group>"; };
		E40324422932245E0076CC97 /* HTTPClient.swift */ = {isa = PBXFileReference; lastKnownFileType = sourcecode.swift; path = HTTPClient.swift; sourceTree = "<group>"; };
		E4032444293225100076CC97 /* FeedItemsMapper.swift */ = {isa = PBXFileReference; lastKnownFileType = sourcecode.swift; path = FeedItemsMapper.swift; sourceTree = "<group>"; };
		E40324472933401B0076CC97 /* URLSessionHTTPClientTests.swift */ = {isa = PBXFileReference; lastKnownFileType = sourcecode.swift; path = URLSessionHTTPClientTests.swift; sourceTree = "<group>"; };
		E403244A2936FC0B0076CC97 /* XCTestCase+MemoryLeakTracking.swift */ = {isa = PBXFileReference; lastKnownFileType = sourcecode.swift; path = "XCTestCase+MemoryLeakTracking.swift"; sourceTree = "<group>"; };
		E403244C293739F90076CC97 /* URLSessionHTTPClient.swift */ = {isa = PBXFileReference; lastKnownFileType = sourcecode.swift; path = URLSessionHTTPClient.swift; sourceTree = "<group>"; };
		E4032452293749000076CC97 /* EssentialFeedAPIEndToEndTests.xctest */ = {isa = PBXFileReference; explicitFileType = wrapper.cfbundle; includeInIndex = 0; path = EssentialFeedAPIEndToEndTests.xctest; sourceTree = BUILT_PRODUCTS_DIR; };
		E4032454293749000076CC97 /* EssentialFeedAPIEndToEndTests.swift */ = {isa = PBXFileReference; lastKnownFileType = sourcecode.swift; path = EssentialFeedAPIEndToEndTests.swift; sourceTree = "<group>"; };
		E41DAB47295420B3003DCAF7 /* CodableFeedStoreTests.swift */ = {isa = PBXFileReference; lastKnownFileType = sourcecode.swift; path = CodableFeedStoreTests.swift; sourceTree = "<group>"; };
		E472E302295C1C4E005FBC71 /* CodableFeedStore.swift */ = {isa = PBXFileReference; lastKnownFileType = sourcecode.swift; path = CodableFeedStore.swift; sourceTree = "<group>"; };
		E472E304295DCC84005FBC71 /* FeedStoreSpecs.swift */ = {isa = PBXFileReference; lastKnownFileType = sourcecode.swift; path = FeedStoreSpecs.swift; sourceTree = "<group>"; };
		E472E306295DCD58005FBC71 /* XCTestCase+FeedStoreSpecs.swift */ = {isa = PBXFileReference; lastKnownFileType = sourcecode.swift; path = "XCTestCase+FeedStoreSpecs.swift"; sourceTree = "<group>"; };
		E472E308296286D3005FBC71 /* CoreDataFeedStoreTests.swift */ = {isa = PBXFileReference; lastKnownFileType = sourcecode.swift; path = CoreDataFeedStoreTests.swift; sourceTree = "<group>"; };
		E472E30A296289B7005FBC71 /* CoreDataFeedStore.swift */ = {isa = PBXFileReference; lastKnownFileType = sourcecode.swift; path = CoreDataFeedStore.swift; sourceTree = "<group>"; };
		E472E30D29628C2F005FBC71 /* FeedStore.xcdatamodel */ = {isa = PBXFileReference; lastKnownFileType = wrapper.xcdatamodel; path = FeedStore.xcdatamodel; sourceTree = "<group>"; };
		E472E3122963E088005FBC71 /* CoreDataHelpers.swift */ = {isa = PBXFileReference; lastKnownFileType = sourcecode.swift; path = CoreDataHelpers.swift; sourceTree = "<group>"; };
		E472E3142963E0E2005FBC71 /* ManagedCache.swift */ = {isa = PBXFileReference; lastKnownFileType = sourcecode.swift; path = ManagedCache.swift; sourceTree = "<group>"; };
		E472E3162963E0F6005FBC71 /* ManagedFeedImage.swift */ = {isa = PBXFileReference; lastKnownFileType = sourcecode.swift; path = ManagedFeedImage.swift; sourceTree = "<group>"; };
		E472E31C29652FBA005FBC71 /* EssentialFeedCacheIntegrationTests.xctest */ = {isa = PBXFileReference; explicitFileType = wrapper.cfbundle; includeInIndex = 0; path = EssentialFeedCacheIntegrationTests.xctest; sourceTree = BUILT_PRODUCTS_DIR; };
		E472E31E29652FBA005FBC71 /* EssentialFeedCacheIntegrationTests.swift */ = {isa = PBXFileReference; lastKnownFileType = sourcecode.swift; path = EssentialFeedCacheIntegrationTests.swift; sourceTree = "<group>"; };
		E4ADCD9D2945D4AB007EB0E3 /* CacheFeedUseCaseTests.swift */ = {isa = PBXFileReference; lastKnownFileType = sourcecode.swift; path = CacheFeedUseCaseTests.swift; sourceTree = "<group>"; };
		E4ADCDA029483463007EB0E3 /* LocalFeedLoader.swift */ = {isa = PBXFileReference; lastKnownFileType = sourcecode.swift; path = LocalFeedLoader.swift; sourceTree = "<group>"; };
		E4ADCDA2294834F3007EB0E3 /* FeedStore.swift */ = {isa = PBXFileReference; lastKnownFileType = sourcecode.swift; path = FeedStore.swift; sourceTree = "<group>"; };
		E4ADCDA729486227007EB0E3 /* RemoteFeedItem.swift */ = {isa = PBXFileReference; lastKnownFileType = sourcecode.swift; path = RemoteFeedItem.swift; sourceTree = "<group>"; };
		E4ADCDA9294862D7007EB0E3 /* LocalFeedImage.swift */ = {isa = PBXFileReference; lastKnownFileType = sourcecode.swift; path = LocalFeedImage.swift; sourceTree = "<group>"; };
		E4ADCDAB294971A0007EB0E3 /* LoadFeedFromCacheUseCaseTests.swift */ = {isa = PBXFileReference; lastKnownFileType = sourcecode.swift; path = LoadFeedFromCacheUseCaseTests.swift; sourceTree = "<group>"; };
		E4ADCDAE2949735D007EB0E3 /* FeedStoreSpy.swift */ = {isa = PBXFileReference; lastKnownFileType = sourcecode.swift; path = FeedStoreSpy.swift; sourceTree = "<group>"; };
		E4C8D3B12951697A008A2C7A /* ValidateFeedCacheUseCaseTests.swift */ = {isa = PBXFileReference; lastKnownFileType = sourcecode.swift; name = ValidateFeedCacheUseCaseTests.swift; path = "../../../../iOS/EssentialFeed/EssentialFeedTests/Feed Cache/ValidateFeedCacheUseCaseTests.swift"; sourceTree = "<group>"; };
		E4C8D3B32951728B008A2C7A /* FeedCacheTestHelpers.swift */ = {isa = PBXFileReference; lastKnownFileType = sourcecode.swift; name = FeedCacheTestHelpers.swift; path = "../../../../../iOS/EssentialFeed/EssentialFeedTests/Feed Cache/Helpers/FeedCacheTestHelpers.swift"; sourceTree = "<group>"; };
		E4C8D3B5295172E1008A2C7A /* SharedTestHelpers.swift */ = {isa = PBXFileReference; lastKnownFileType = sourcecode.swift; name = SharedTestHelpers.swift; path = ../../../../iOS/EssentialFeed/EssentialFeedTests/Helpers/SharedTestHelpers.swift; sourceTree = "<group>"; };
		E4C8D3B72951CC24008A2C7A /* FeedCachePolicy.swift */ = {isa = PBXFileReference; lastKnownFileType = sourcecode.swift; name = FeedCachePolicy.swift; path = "../../../../iOS/EssentialFeed/EssentialFeed/Feed Cache/FeedCachePolicy.swift"; sourceTree = "<group>"; };
/* End PBXFileReference section */

/* Begin PBXFrameworksBuildPhase section */
		E4032407292CC1A60076CC97 /* Frameworks */ = {
			isa = PBXFrameworksBuildPhase;
			buildActionMask = 2147483647;
			files = (
			);
			runOnlyForDeploymentPostprocessing = 0;
		};
		E403240F292CC1A60076CC97 /* Frameworks */ = {
			isa = PBXFrameworksBuildPhase;
			buildActionMask = 2147483647;
			files = (
				E4032413292CC1A60076CC97 /* EssentialFeed.framework in Frameworks */,
			);
			runOnlyForDeploymentPostprocessing = 0;
		};
		E403244F293749000076CC97 /* Frameworks */ = {
			isa = PBXFrameworksBuildPhase;
			buildActionMask = 2147483647;
			files = (
				E4032456293749000076CC97 /* EssentialFeed.framework in Frameworks */,
			);
			runOnlyForDeploymentPostprocessing = 0;
		};
		E472E31929652FBA005FBC71 /* Frameworks */ = {
			isa = PBXFrameworksBuildPhase;
			buildActionMask = 2147483647;
			files = (
				E472E32029652FBA005FBC71 /* EssentialFeed.framework in Frameworks */,
			);
			runOnlyForDeploymentPostprocessing = 0;
		};
/* End PBXFrameworksBuildPhase section */

/* Begin PBXGroup section */
		E4032400292CC1A60076CC97 = {
			isa = PBXGroup;
			children = (
				E403240C292CC1A60076CC97 /* EssentialFeed */,
				E403240D292CC1A60076CC97 /* EssentialFeed.h */,
				E4032416292CC1A60076CC97 /* EssentialFeedTests */,
				E4032453293749000076CC97 /* EssentialFeedAPIEndToEndTests */,
				E472E31D29652FBA005FBC71 /* EssentialFeedCacheIntegrationTests */,
				E403240B292CC1A60076CC97 /* Products */,
			);
			sourceTree = "<group>";
		};
		E403240B292CC1A60076CC97 /* Products */ = {
			isa = PBXGroup;
			children = (
				E403240A292CC1A60076CC97 /* EssentialFeed.framework */,
				E4032412292CC1A60076CC97 /* EssentialFeedTests.xctest */,
				E4032452293749000076CC97 /* EssentialFeedAPIEndToEndTests.xctest */,
				E472E31C29652FBA005FBC71 /* EssentialFeedCacheIntegrationTests.xctest */,
			);
			name = Products;
			sourceTree = "<group>";
		};
		E403240C292CC1A60076CC97 /* EssentialFeed */ = {
			isa = PBXGroup;
			children = (
				E4ADCD9F29483456007EB0E3 /* Feed Cache */,
				E4032429292F4B4C0076CC97 /* Feed API */,
				E4032426292CC45A0076CC97 /* Feed Feature */,
			);
			path = EssentialFeed;
			sourceTree = "<group>";
		};
		E4032416292CC1A60076CC97 /* EssentialFeedTests */ = {
			isa = PBXGroup;
			children = (
				E40324492936FBF60076CC97 /* Helpers */,
				E4ADCD9C2945D490007EB0E3 /* Feed Cache */,
				E403244629323C3E0076CC97 /* Feed API */,
			);
			path = EssentialFeedTests;
			sourceTree = "<group>";
		};
		E4032426292CC45A0076CC97 /* Feed Feature */ = {
			isa = PBXGroup;
			children = (
				E4032422292CC1EA0076CC97 /* FeedImage.swift */,
				E4032424292CC3D00076CC97 /* FeedLoader.swift */,
			);
			path = "Feed Feature";
			sourceTree = "<group>";
		};
		E4032429292F4B4C0076CC97 /* Feed API */ = {
			isa = PBXGroup;
			children = (
				E403242A292F4B6B0076CC97 /* RemoteFeedLoader.swift */,
				E4032444293225100076CC97 /* FeedItemsMapper.swift */,
				E40324422932245E0076CC97 /* HTTPClient.swift */,
				E403244C293739F90076CC97 /* URLSessionHTTPClient.swift */,
				E4ADCDA729486227007EB0E3 /* RemoteFeedItem.swift */,
			);
			path = "Feed API";
			sourceTree = "<group>";
		};
		E403244629323C3E0076CC97 /* Feed API */ = {
			isa = PBXGroup;
			children = (
				E4032427292DC3D40076CC97 /* LoadFeedFromRemoteUseCaseTests.swift */,
				E40324472933401B0076CC97 /* URLSessionHTTPClientTests.swift */,
			);
			path = "Feed API";
			sourceTree = "<group>";
		};
		E40324492936FBF60076CC97 /* Helpers */ = {
			isa = PBXGroup;
			children = (
				E403244A2936FC0B0076CC97 /* XCTestCase+MemoryLeakTracking.swift */,
				E4C8D3B5295172E1008A2C7A /* SharedTestHelpers.swift */,
			);
			path = Helpers;
			sourceTree = "<group>";
		};
		E4032453293749000076CC97 /* EssentialFeedAPIEndToEndTests */ = {
			isa = PBXGroup;
			children = (
				E4032454293749000076CC97 /* EssentialFeedAPIEndToEndTests.swift */,
			);
			path = EssentialFeedAPIEndToEndTests;
			sourceTree = "<group>";
		};
		E472E30F2963DFF5005FBC71 /* Infrastructure */ = {
			isa = PBXGroup;
			children = (
				E472E3112963E04A005FBC71 /* Codable */,
				E472E3102963DFFE005FBC71 /* CoreData */,
			);
			path = Infrastructure;
			sourceTree = "<group>";
		};
		E472E3102963DFFE005FBC71 /* CoreData */ = {
			isa = PBXGroup;
			children = (
				E472E30A296289B7005FBC71 /* CoreDataFeedStore.swift */,
				E472E3162963E0F6005FBC71 /* ManagedFeedImage.swift */,
				E472E3142963E0E2005FBC71 /* ManagedCache.swift */,
				E472E3122963E088005FBC71 /* CoreDataHelpers.swift */,
				E472E30C29628C2F005FBC71 /* FeedStore.xcdatamodeld */,
			);
			path = CoreData;
			sourceTree = "<group>";
		};
		E472E3112963E04A005FBC71 /* Codable */ = {
			isa = PBXGroup;
			children = (
				E472E302295C1C4E005FBC71 /* CodableFeedStore.swift */,
			);
			path = Codable;
			sourceTree = "<group>";
		};
		E472E31D29652FBA005FBC71 /* EssentialFeedCacheIntegrationTests */ = {
			isa = PBXGroup;
			children = (
				E472E31E29652FBA005FBC71 /* EssentialFeedCacheIntegrationTests.swift */,
			);
			path = EssentialFeedCacheIntegrationTests;
			sourceTree = "<group>";
		};
		E4ADCD9C2945D490007EB0E3 /* Feed Cache */ = {
			isa = PBXGroup;
			children = (
				E4ADCDAD29497352007EB0E3 /* Helpers */,
				E4ADCD9D2945D4AB007EB0E3 /* CacheFeedUseCaseTests.swift */,
				E4ADCDAB294971A0007EB0E3 /* LoadFeedFromCacheUseCaseTests.swift */,
				E4C8D3B12951697A008A2C7A /* ValidateFeedCacheUseCaseTests.swift */,
				E41DAB47295420B3003DCAF7 /* CodableFeedStoreTests.swift */,
				E472E304295DCC84005FBC71 /* FeedStoreSpecs.swift */,
				E472E306295DCD58005FBC71 /* XCTestCase+FeedStoreSpecs.swift */,
				E472E308296286D3005FBC71 /* CoreDataFeedStoreTests.swift */,
			);
			path = "Feed Cache";
			sourceTree = "<group>";
		};
		E4ADCD9F29483456007EB0E3 /* Feed Cache */ = {
			isa = PBXGroup;
			children = (
				E472E30F2963DFF5005FBC71 /* Infrastructure */,
				E4ADCDA029483463007EB0E3 /* LocalFeedLoader.swift */,
				E4ADCDA2294834F3007EB0E3 /* FeedStore.swift */,
				E4ADCDA9294862D7007EB0E3 /* LocalFeedImage.swift */,
				E4C8D3B72951CC24008A2C7A /* FeedCachePolicy.swift */,
			);
			path = "Feed Cache";
			sourceTree = "<group>";
		};
		E4ADCDAD29497352007EB0E3 /* Helpers */ = {
			isa = PBXGroup;
			children = (
				E4ADCDAE2949735D007EB0E3 /* FeedStoreSpy.swift */,
				E4C8D3B32951728B008A2C7A /* FeedCacheTestHelpers.swift */,
			);
			path = Helpers;
			sourceTree = "<group>";
		};
/* End PBXGroup section */

/* Begin PBXHeadersBuildPhase section */
		E4032405292CC1A60076CC97 /* Headers */ = {
			isa = PBXHeadersBuildPhase;
			buildActionMask = 2147483647;
			files = (
				E4032419292CC1A60076CC97 /* EssentialFeed.h in Headers */,
			);
			runOnlyForDeploymentPostprocessing = 0;
		};
/* End PBXHeadersBuildPhase section */

/* Begin PBXNativeTarget section */
		E4032409292CC1A60076CC97 /* EssentialFeed */ = {
			isa = PBXNativeTarget;
			buildConfigurationList = E403241C292CC1A60076CC97 /* Build configuration list for PBXNativeTarget "EssentialFeed" */;
			buildPhases = (
				E4032405292CC1A60076CC97 /* Headers */,
				E4032406292CC1A60076CC97 /* Sources */,
				E4032407292CC1A60076CC97 /* Frameworks */,
				E4032408292CC1A60076CC97 /* Resources */,
			);
			buildRules = (
			);
			dependencies = (
			);
			name = EssentialFeed;
			productName = EssentialFeed;
			productReference = E403240A292CC1A60076CC97 /* EssentialFeed.framework */;
			productType = "com.apple.product-type.framework";
		};
		E4032411292CC1A60076CC97 /* EssentialFeedTests */ = {
			isa = PBXNativeTarget;
			buildConfigurationList = E403241F292CC1A60076CC97 /* Build configuration list for PBXNativeTarget "EssentialFeedTests" */;
			buildPhases = (
				E403240E292CC1A60076CC97 /* Sources */,
				E403240F292CC1A60076CC97 /* Frameworks */,
				E4032410292CC1A60076CC97 /* Resources */,
			);
			buildRules = (
			);
			dependencies = (
				E4032415292CC1A60076CC97 /* PBXTargetDependency */,
			);
			name = EssentialFeedTests;
			productName = EssentialFeedTests;
			productReference = E4032412292CC1A60076CC97 /* EssentialFeedTests.xctest */;
			productType = "com.apple.product-type.bundle.unit-test";
		};
		E4032451293749000076CC97 /* EssentialFeedAPIEndToEndTests */ = {
			isa = PBXNativeTarget;
			buildConfigurationList = E4032459293749000076CC97 /* Build configuration list for PBXNativeTarget "EssentialFeedAPIEndToEndTests" */;
			buildPhases = (
				E403244E293749000076CC97 /* Sources */,
				E403244F293749000076CC97 /* Frameworks */,
				E4032450293749000076CC97 /* Resources */,
			);
			buildRules = (
			);
			dependencies = (
				E4032458293749000076CC97 /* PBXTargetDependency */,
			);
			name = EssentialFeedAPIEndToEndTests;
			productName = EssentialFeedAPIEndToEndTests;
			productReference = E4032452293749000076CC97 /* EssentialFeedAPIEndToEndTests.xctest */;
			productType = "com.apple.product-type.bundle.unit-test";
		};
		E472E31B29652FBA005FBC71 /* EssentialFeedCacheIntegrationTests */ = {
			isa = PBXNativeTarget;
			buildConfigurationList = E472E32529652FBA005FBC71 /* Build configuration list for PBXNativeTarget "EssentialFeedCacheIntegrationTests" */;
			buildPhases = (
				E472E31829652FBA005FBC71 /* Sources */,
				E472E31929652FBA005FBC71 /* Frameworks */,
				E472E31A29652FBA005FBC71 /* Resources */,
			);
			buildRules = (
			);
			dependencies = (
				E472E32229652FBA005FBC71 /* PBXTargetDependency */,
			);
			name = EssentialFeedCacheIntegrationTests;
			productName = EssentialFeedCacheIntegrationTests;
			productReference = E472E31C29652FBA005FBC71 /* EssentialFeedCacheIntegrationTests.xctest */;
			productType = "com.apple.product-type.bundle.unit-test";
		};
/* End PBXNativeTarget section */

/* Begin PBXProject section */
		E4032401292CC1A60076CC97 /* Project object */ = {
			isa = PBXProject;
			attributes = {
				BuildIndependentTargetsInParallel = 1;
				LastSwiftUpdateCheck = 1420;
				LastUpgradeCheck = 1410;
				TargetAttributes = {
					E4032409292CC1A60076CC97 = {
						CreatedOnToolsVersion = 14.1;
						LastSwiftMigration = 1410;
					};
					E4032411292CC1A60076CC97 = {
						CreatedOnToolsVersion = 14.1;
						LastSwiftMigration = 1410;
					};
					E4032451293749000076CC97 = {
						CreatedOnToolsVersion = 14.1;
					};
					E472E31B29652FBA005FBC71 = {
						CreatedOnToolsVersion = 14.2;
					};
				};
			};
			buildConfigurationList = E4032404292CC1A60076CC97 /* Build configuration list for PBXProject "EssentialFeed" */;
			compatibilityVersion = "Xcode 14.0";
			developmentRegion = en;
			hasScannedForEncodings = 0;
			knownRegions = (
				en,
				Base,
			);
			mainGroup = E4032400292CC1A60076CC97;
			productRefGroup = E403240B292CC1A60076CC97 /* Products */;
			projectDirPath = "";
			projectRoot = "";
			targets = (
				E4032409292CC1A60076CC97 /* EssentialFeed */,
				E4032411292CC1A60076CC97 /* EssentialFeedTests */,
				E4032451293749000076CC97 /* EssentialFeedAPIEndToEndTests */,
				E472E31B29652FBA005FBC71 /* EssentialFeedCacheIntegrationTests */,
			);
		};
/* End PBXProject section */

/* Begin PBXResourcesBuildPhase section */
		E4032408292CC1A60076CC97 /* Resources */ = {
			isa = PBXResourcesBuildPhase;
			buildActionMask = 2147483647;
			files = (
			);
			runOnlyForDeploymentPostprocessing = 0;
		};
		E4032410292CC1A60076CC97 /* Resources */ = {
			isa = PBXResourcesBuildPhase;
			buildActionMask = 2147483647;
			files = (
			);
			runOnlyForDeploymentPostprocessing = 0;
		};
		E4032450293749000076CC97 /* Resources */ = {
			isa = PBXResourcesBuildPhase;
			buildActionMask = 2147483647;
			files = (
			);
			runOnlyForDeploymentPostprocessing = 0;
		};
		E472E31A29652FBA005FBC71 /* Resources */ = {
			isa = PBXResourcesBuildPhase;
			buildActionMask = 2147483647;
			files = (
			);
			runOnlyForDeploymentPostprocessing = 0;
		};
/* End PBXResourcesBuildPhase section */

/* Begin PBXSourcesBuildPhase section */
		E4032406292CC1A60076CC97 /* Sources */ = {
			isa = PBXSourcesBuildPhase;
			buildActionMask = 2147483647;
			files = (
				E472E3132963E088005FBC71 /* CoreDataHelpers.swift in Sources */,
				E4032445293225100076CC97 /* FeedItemsMapper.swift in Sources */,
				E4032425292CC3D00076CC97 /* FeedLoader.swift in Sources */,
				E4ADCDA829486227007EB0E3 /* RemoteFeedItem.swift in Sources */,
				E4C8D3B82951CC24008A2C7A /* FeedCachePolicy.swift in Sources */,
				E403242B292F4B6B0076CC97 /* RemoteFeedLoader.swift in Sources */,
				E472E30E29628C2F005FBC71 /* FeedStore.xcdatamodeld in Sources */,
				E4ADCDAA294862D7007EB0E3 /* LocalFeedImage.swift in Sources */,
				E4ADCDA3294834F3007EB0E3 /* FeedStore.swift in Sources */,
				E4ADCDA129483463007EB0E3 /* LocalFeedLoader.swift in Sources */,
				E472E303295C1C4E005FBC71 /* CodableFeedStore.swift in Sources */,
				E40324432932245E0076CC97 /* HTTPClient.swift in Sources */,
				E4032423292CC1EA0076CC97 /* FeedImage.swift in Sources */,
				E403244D293739F90076CC97 /* URLSessionHTTPClient.swift in Sources */,
				E472E3152963E0E2005FBC71 /* ManagedCache.swift in Sources */,
				E472E30B296289B7005FBC71 /* CoreDataFeedStore.swift in Sources */,
				E472E3172963E0F6005FBC71 /* ManagedFeedImage.swift in Sources */,
			);
			runOnlyForDeploymentPostprocessing = 0;
		};
		E403240E292CC1A60076CC97 /* Sources */ = {
			isa = PBXSourcesBuildPhase;
			buildActionMask = 2147483647;
			files = (
				E41DAB48295420B3003DCAF7 /* CodableFeedStoreTests.swift in Sources */,
				E472E309296286D3005FBC71 /* CoreDataFeedStoreTests.swift in Sources */,
				E4C8D3B42951728B008A2C7A /* FeedCacheTestHelpers.swift in Sources */,
				E4C8D3B22951697A008A2C7A /* ValidateFeedCacheUseCaseTests.swift in Sources */,
				E4032428292DC3D40076CC97 /* LoadFeedFromRemoteUseCaseTests.swift in Sources */,
				E40324482933401B0076CC97 /* URLSessionHTTPClientTests.swift in Sources */,
				E4ADCDAF2949735D007EB0E3 /* FeedStoreSpy.swift in Sources */,
				E4C8D3B6295172E1008A2C7A /* SharedTestHelpers.swift in Sources */,
				E4ADCD9E2945D4AB007EB0E3 /* CacheFeedUseCaseTests.swift in Sources */,
				E4ADCDAC294971A0007EB0E3 /* LoadFeedFromCacheUseCaseTests.swift in Sources */,
				E472E305295DCC84005FBC71 /* FeedStoreSpecs.swift in Sources */,
				E403244B2936FC0B0076CC97 /* XCTestCase+MemoryLeakTracking.swift in Sources */,
				E472E307295DCD58005FBC71 /* XCTestCase+FeedStoreSpecs.swift in Sources */,
			);
			runOnlyForDeploymentPostprocessing = 0;
		};
		E403244E293749000076CC97 /* Sources */ = {
			isa = PBXSourcesBuildPhase;
			buildActionMask = 2147483647;
			files = (
				E4032455293749000076CC97 /* EssentialFeedAPIEndToEndTests.swift in Sources */,
				E403245C29375D1F0076CC97 /* XCTestCase+MemoryLeakTracking.swift in Sources */,
			);
			runOnlyForDeploymentPostprocessing = 0;
		};
		E472E31829652FBA005FBC71 /* Sources */ = {
			isa = PBXSourcesBuildPhase;
			buildActionMask = 2147483647;
			files = (
				E472E31F29652FBA005FBC71 /* EssentialFeedCacheIntegrationTests.swift in Sources */,
			);
			runOnlyForDeploymentPostprocessing = 0;
		};
/* End PBXSourcesBuildPhase section */

/* Begin PBXTargetDependency section */
		E4032415292CC1A60076CC97 /* PBXTargetDependency */ = {
			isa = PBXTargetDependency;
			target = E4032409292CC1A60076CC97 /* EssentialFeed */;
			targetProxy = E4032414292CC1A60076CC97 /* PBXContainerItemProxy */;
		};
		E4032458293749000076CC97 /* PBXTargetDependency */ = {
			isa = PBXTargetDependency;
			target = E4032409292CC1A60076CC97 /* EssentialFeed */;
			targetProxy = E4032457293749000076CC97 /* PBXContainerItemProxy */;
		};
		E472E32229652FBA005FBC71 /* PBXTargetDependency */ = {
			isa = PBXTargetDependency;
			target = E4032409292CC1A60076CC97 /* EssentialFeed */;
			targetProxy = E472E32129652FBA005FBC71 /* PBXContainerItemProxy */;
		};
/* End PBXTargetDependency section */

/* Begin XCBuildConfiguration section */
		E403241A292CC1A60076CC97 /* Debug */ = {
			isa = XCBuildConfiguration;
			buildSettings = {
				ALWAYS_SEARCH_USER_PATHS = NO;
				CLANG_ANALYZER_NONNULL = YES;
				CLANG_ANALYZER_NUMBER_OBJECT_CONVERSION = YES_AGGRESSIVE;
				CLANG_CXX_LANGUAGE_STANDARD = "gnu++20";
				CLANG_ENABLE_MODULES = YES;
				CLANG_ENABLE_OBJC_ARC = YES;
				CLANG_ENABLE_OBJC_WEAK = YES;
				CLANG_WARN_BLOCK_CAPTURE_AUTORELEASING = YES;
				CLANG_WARN_BOOL_CONVERSION = YES;
				CLANG_WARN_COMMA = YES;
				CLANG_WARN_CONSTANT_CONVERSION = YES;
				CLANG_WARN_DEPRECATED_OBJC_IMPLEMENTATIONS = YES;
				CLANG_WARN_DIRECT_OBJC_ISA_USAGE = YES_ERROR;
				CLANG_WARN_DOCUMENTATION_COMMENTS = YES;
				CLANG_WARN_EMPTY_BODY = YES;
				CLANG_WARN_ENUM_CONVERSION = YES;
				CLANG_WARN_INFINITE_RECURSION = YES;
				CLANG_WARN_INT_CONVERSION = YES;
				CLANG_WARN_NON_LITERAL_NULL_CONVERSION = YES;
				CLANG_WARN_OBJC_IMPLICIT_RETAIN_SELF = YES;
				CLANG_WARN_OBJC_LITERAL_CONVERSION = YES;
				CLANG_WARN_OBJC_ROOT_CLASS = YES_ERROR;
				CLANG_WARN_QUOTED_INCLUDE_IN_FRAMEWORK_HEADER = YES;
				CLANG_WARN_RANGE_LOOP_ANALYSIS = YES;
				CLANG_WARN_STRICT_PROTOTYPES = YES;
				CLANG_WARN_SUSPICIOUS_MOVE = YES;
				CLANG_WARN_UNGUARDED_AVAILABILITY = YES_AGGRESSIVE;
				CLANG_WARN_UNREACHABLE_CODE = YES;
				CLANG_WARN__DUPLICATE_METHOD_MATCH = YES;
				COPY_PHASE_STRIP = NO;
				CURRENT_PROJECT_VERSION = 1;
				DEBUG_INFORMATION_FORMAT = dwarf;
				ENABLE_STRICT_OBJC_MSGSEND = YES;
				ENABLE_TESTABILITY = YES;
				GCC_C_LANGUAGE_STANDARD = gnu11;
				GCC_DYNAMIC_NO_PIC = NO;
				GCC_NO_COMMON_BLOCKS = YES;
				GCC_OPTIMIZATION_LEVEL = 0;
				GCC_PREPROCESSOR_DEFINITIONS = (
					"DEBUG=1",
					"$(inherited)",
				);
				GCC_WARN_64_TO_32_BIT_CONVERSION = YES;
				GCC_WARN_ABOUT_RETURN_TYPE = YES_ERROR;
				GCC_WARN_UNDECLARED_SELECTOR = YES;
				GCC_WARN_UNINITIALIZED_AUTOS = YES_AGGRESSIVE;
				GCC_WARN_UNUSED_FUNCTION = YES;
				GCC_WARN_UNUSED_VARIABLE = YES;
				MACOSX_DEPLOYMENT_TARGET = 13.0;
				MTL_ENABLE_DEBUG_INFO = INCLUDE_SOURCE;
				MTL_FAST_MATH = YES;
				ONLY_ACTIVE_ARCH = YES;
				SDKROOT = macosx;
				SWIFT_ACTIVE_COMPILATION_CONDITIONS = DEBUG;
				SWIFT_OPTIMIZATION_LEVEL = "-Onone";
				VERSIONING_SYSTEM = "apple-generic";
				VERSION_INFO_PREFIX = "";
			};
			name = Debug;
		};
		E403241B292CC1A60076CC97 /* Release */ = {
			isa = XCBuildConfiguration;
			buildSettings = {
				ALWAYS_SEARCH_USER_PATHS = NO;
				CLANG_ANALYZER_NONNULL = YES;
				CLANG_ANALYZER_NUMBER_OBJECT_CONVERSION = YES_AGGRESSIVE;
				CLANG_CXX_LANGUAGE_STANDARD = "gnu++20";
				CLANG_ENABLE_MODULES = YES;
				CLANG_ENABLE_OBJC_ARC = YES;
				CLANG_ENABLE_OBJC_WEAK = YES;
				CLANG_WARN_BLOCK_CAPTURE_AUTORELEASING = YES;
				CLANG_WARN_BOOL_CONVERSION = YES;
				CLANG_WARN_COMMA = YES;
				CLANG_WARN_CONSTANT_CONVERSION = YES;
				CLANG_WARN_DEPRECATED_OBJC_IMPLEMENTATIONS = YES;
				CLANG_WARN_DIRECT_OBJC_ISA_USAGE = YES_ERROR;
				CLANG_WARN_DOCUMENTATION_COMMENTS = YES;
				CLANG_WARN_EMPTY_BODY = YES;
				CLANG_WARN_ENUM_CONVERSION = YES;
				CLANG_WARN_INFINITE_RECURSION = YES;
				CLANG_WARN_INT_CONVERSION = YES;
				CLANG_WARN_NON_LITERAL_NULL_CONVERSION = YES;
				CLANG_WARN_OBJC_IMPLICIT_RETAIN_SELF = YES;
				CLANG_WARN_OBJC_LITERAL_CONVERSION = YES;
				CLANG_WARN_OBJC_ROOT_CLASS = YES_ERROR;
				CLANG_WARN_QUOTED_INCLUDE_IN_FRAMEWORK_HEADER = YES;
				CLANG_WARN_RANGE_LOOP_ANALYSIS = YES;
				CLANG_WARN_STRICT_PROTOTYPES = YES;
				CLANG_WARN_SUSPICIOUS_MOVE = YES;
				CLANG_WARN_UNGUARDED_AVAILABILITY = YES_AGGRESSIVE;
				CLANG_WARN_UNREACHABLE_CODE = YES;
				CLANG_WARN__DUPLICATE_METHOD_MATCH = YES;
				COPY_PHASE_STRIP = NO;
				CURRENT_PROJECT_VERSION = 1;
				DEBUG_INFORMATION_FORMAT = "dwarf-with-dsym";
				ENABLE_NS_ASSERTIONS = NO;
				ENABLE_STRICT_OBJC_MSGSEND = YES;
				GCC_C_LANGUAGE_STANDARD = gnu11;
				GCC_NO_COMMON_BLOCKS = YES;
				GCC_WARN_64_TO_32_BIT_CONVERSION = YES;
				GCC_WARN_ABOUT_RETURN_TYPE = YES_ERROR;
				GCC_WARN_UNDECLARED_SELECTOR = YES;
				GCC_WARN_UNINITIALIZED_AUTOS = YES_AGGRESSIVE;
				GCC_WARN_UNUSED_FUNCTION = YES;
				GCC_WARN_UNUSED_VARIABLE = YES;
				MACOSX_DEPLOYMENT_TARGET = 13.0;
				MTL_ENABLE_DEBUG_INFO = NO;
				MTL_FAST_MATH = YES;
				SDKROOT = macosx;
				SWIFT_COMPILATION_MODE = wholemodule;
				SWIFT_OPTIMIZATION_LEVEL = "-O";
				VERSIONING_SYSTEM = "apple-generic";
				VERSION_INFO_PREFIX = "";
			};
			name = Release;
		};
		E403241D292CC1A60076CC97 /* Debug */ = {
			isa = XCBuildConfiguration;
			buildSettings = {
				CLANG_ENABLE_MODULES = YES;
				CODE_SIGN_STYLE = Automatic;
				COMBINE_HIDPI_IMAGES = YES;
				CURRENT_PROJECT_VERSION = 1;
				DEFINES_MODULE = YES;
				DEVELOPMENT_TEAM = SJ3KSHTH38;
				DYLIB_COMPATIBILITY_VERSION = 1;
				DYLIB_CURRENT_VERSION = 1;
				DYLIB_INSTALL_NAME_BASE = "@rpath";
				GENERATE_INFOPLIST_FILE = YES;
				INFOPLIST_KEY_NSHumanReadableCopyright = "";
				INSTALL_PATH = "$(LOCAL_LIBRARY_DIR)/Frameworks";
				LD_RUNPATH_SEARCH_PATHS = (
					"$(inherited)",
					"@executable_path/../Frameworks",
					"@loader_path/Frameworks",
				);
				MACOSX_DEPLOYMENT_TARGET = 12.4;
				MARKETING_VERSION = 1.0;
				PRODUCT_BUNDLE_IDENTIFIER = com.demo.EssentialFeed;
				PRODUCT_NAME = "$(TARGET_NAME:c99extidentifier)";
				SKIP_INSTALL = YES;
				SWIFT_EMIT_LOC_STRINGS = YES;
				SWIFT_OPTIMIZATION_LEVEL = "-Onone";
				SWIFT_VERSION = 5.0;
			};
			name = Debug;
		};
		E403241E292CC1A60076CC97 /* Release */ = {
			isa = XCBuildConfiguration;
			buildSettings = {
				CLANG_ENABLE_MODULES = YES;
				CODE_SIGN_STYLE = Automatic;
				COMBINE_HIDPI_IMAGES = YES;
				CURRENT_PROJECT_VERSION = 1;
				DEFINES_MODULE = YES;
				DEVELOPMENT_TEAM = SJ3KSHTH38;
				DYLIB_COMPATIBILITY_VERSION = 1;
				DYLIB_CURRENT_VERSION = 1;
				DYLIB_INSTALL_NAME_BASE = "@rpath";
				GENERATE_INFOPLIST_FILE = YES;
				INFOPLIST_KEY_NSHumanReadableCopyright = "";
				INSTALL_PATH = "$(LOCAL_LIBRARY_DIR)/Frameworks";
				LD_RUNPATH_SEARCH_PATHS = (
					"$(inherited)",
					"@executable_path/../Frameworks",
					"@loader_path/Frameworks",
				);
				MACOSX_DEPLOYMENT_TARGET = 12.4;
				MARKETING_VERSION = 1.0;
				PRODUCT_BUNDLE_IDENTIFIER = com.demo.EssentialFeed;
				PRODUCT_NAME = "$(TARGET_NAME:c99extidentifier)";
				SKIP_INSTALL = YES;
				SWIFT_EMIT_LOC_STRINGS = YES;
				SWIFT_VERSION = 5.0;
			};
			name = Release;
		};
		E4032420292CC1A60076CC97 /* Debug */ = {
			isa = XCBuildConfiguration;
			buildSettings = {
				ALWAYS_EMBED_SWIFT_STANDARD_LIBRARIES = YES;
				CLANG_ENABLE_MODULES = YES;
				CODE_SIGN_STYLE = Automatic;
				CURRENT_PROJECT_VERSION = 1;
				DEVELOPMENT_TEAM = SJ3KSHTH38;
				GENERATE_INFOPLIST_FILE = YES;
				LD_RUNPATH_SEARCH_PATHS = (
					"$(inherited)",
					"@executable_path/../Frameworks",
					"@loader_path/../Frameworks",
				);
				MACOSX_DEPLOYMENT_TARGET = 12.4;
				MARKETING_VERSION = 1.0;
				PRODUCT_BUNDLE_IDENTIFIER = com.demo.EssentialFeedTests;
				PRODUCT_NAME = "$(TARGET_NAME)";
				SWIFT_EMIT_LOC_STRINGS = NO;
				SWIFT_OPTIMIZATION_LEVEL = "-Onone";
				SWIFT_VERSION = 5.0;
			};
			name = Debug;
		};
		E4032421292CC1A60076CC97 /* Release */ = {
			isa = XCBuildConfiguration;
			buildSettings = {
				ALWAYS_EMBED_SWIFT_STANDARD_LIBRARIES = YES;
				CLANG_ENABLE_MODULES = YES;
				CODE_SIGN_STYLE = Automatic;
				CURRENT_PROJECT_VERSION = 1;
				DEVELOPMENT_TEAM = SJ3KSHTH38;
				GENERATE_INFOPLIST_FILE = YES;
				LD_RUNPATH_SEARCH_PATHS = (
					"$(inherited)",
					"@executable_path/../Frameworks",
					"@loader_path/../Frameworks",
				);
				MACOSX_DEPLOYMENT_TARGET = 12.4;
				MARKETING_VERSION = 1.0;
				PRODUCT_BUNDLE_IDENTIFIER = com.demo.EssentialFeedTests;
				PRODUCT_NAME = "$(TARGET_NAME)";
				SWIFT_EMIT_LOC_STRINGS = NO;
				SWIFT_VERSION = 5.0;
			};
			name = Release;
		};
		E403245A293749000076CC97 /* Debug */ = {
			isa = XCBuildConfiguration;
			buildSettings = {
				CODE_SIGN_STYLE = Automatic;
				CURRENT_PROJECT_VERSION = 1;
				DEVELOPMENT_TEAM = SJ3KSHTH38;
				GENERATE_INFOPLIST_FILE = YES;
				MACOSX_DEPLOYMENT_TARGET = 12.4;
				MARKETING_VERSION = 1.0;
				PRODUCT_BUNDLE_IDENTIFIER = com.demo.EssentialFeedAPIEndToEndTests;
				PRODUCT_NAME = "$(TARGET_NAME)";
				SWIFT_EMIT_LOC_STRINGS = NO;
				SWIFT_VERSION = 5.0;
			};
			name = Debug;
		};
		E403245B293749000076CC97 /* Release */ = {
			isa = XCBuildConfiguration;
			buildSettings = {
				CODE_SIGN_STYLE = Automatic;
				CURRENT_PROJECT_VERSION = 1;
				DEVELOPMENT_TEAM = SJ3KSHTH38;
				GENERATE_INFOPLIST_FILE = YES;
				MACOSX_DEPLOYMENT_TARGET = 12.4;
				MARKETING_VERSION = 1.0;
				PRODUCT_BUNDLE_IDENTIFIER = com.demo.EssentialFeedAPIEndToEndTests;
				PRODUCT_NAME = "$(TARGET_NAME)";
				SWIFT_EMIT_LOC_STRINGS = NO;
				SWIFT_VERSION = 5.0;
			};
			name = Release;
		};
		E472E32329652FBA005FBC71 /* Debug */ = {
			isa = XCBuildConfiguration;
			buildSettings = {
				CODE_SIGN_STYLE = Automatic;
				CURRENT_PROJECT_VERSION = 1;
				DEVELOPMENT_TEAM = SJ3KSHTH38;
				GENERATE_INFOPLIST_FILE = YES;
				MACOSX_DEPLOYMENT_TARGET = 13.1;
				MARKETING_VERSION = 1.0;
				PRODUCT_BUNDLE_IDENTIFIER = com.demo.EssentialFeedCacheIntegrationTests;
				PRODUCT_NAME = "$(TARGET_NAME)";
				SWIFT_EMIT_LOC_STRINGS = NO;
				SWIFT_VERSION = 5.0;
			};
			name = Debug;
		};
		E472E32429652FBA005FBC71 /* Release */ = {
			isa = XCBuildConfiguration;
			buildSettings = {
				CODE_SIGN_STYLE = Automatic;
				CURRENT_PROJECT_VERSION = 1;
				DEVELOPMENT_TEAM = SJ3KSHTH38;
				GENERATE_INFOPLIST_FILE = YES;
				MACOSX_DEPLOYMENT_TARGET = 13.1;
				MARKETING_VERSION = 1.0;
				PRODUCT_BUNDLE_IDENTIFIER = com.demo.EssentialFeedCacheIntegrationTests;
				PRODUCT_NAME = "$(TARGET_NAME)";
				SWIFT_EMIT_LOC_STRINGS = NO;
				SWIFT_VERSION = 5.0;
			};
			name = Release;
		};
/* End XCBuildConfiguration section */

/* Begin XCConfigurationList section */
		E4032404292CC1A60076CC97 /* Build configuration list for PBXProject "EssentialFeed" */ = {
			isa = XCConfigurationList;
			buildConfigurations = (
				E403241A292CC1A60076CC97 /* Debug */,
				E403241B292CC1A60076CC97 /* Release */,
			);
			defaultConfigurationIsVisible = 0;
			defaultConfigurationName = Release;
		};
		E403241C292CC1A60076CC97 /* Build configuration list for PBXNativeTarget "EssentialFeed" */ = {
			isa = XCConfigurationList;
			buildConfigurations = (
				E403241D292CC1A60076CC97 /* Debug */,
				E403241E292CC1A60076CC97 /* Release */,
			);
			defaultConfigurationIsVisible = 0;
			defaultConfigurationName = Release;
		};
		E403241F292CC1A60076CC97 /* Build configuration list for PBXNativeTarget "EssentialFeedTests" */ = {
			isa = XCConfigurationList;
			buildConfigurations = (
				E4032420292CC1A60076CC97 /* Debug */,
				E4032421292CC1A60076CC97 /* Release */,
			);
			defaultConfigurationIsVisible = 0;
			defaultConfigurationName = Release;
		};
		E4032459293749000076CC97 /* Build configuration list for PBXNativeTarget "EssentialFeedAPIEndToEndTests" */ = {
			isa = XCConfigurationList;
			buildConfigurations = (
				E403245A293749000076CC97 /* Debug */,
				E403245B293749000076CC97 /* Release */,
			);
			defaultConfigurationIsVisible = 0;
			defaultConfigurationName = Release;
		};
		E472E32529652FBA005FBC71 /* Build configuration list for PBXNativeTarget "EssentialFeedCacheIntegrationTests" */ = {
			isa = XCConfigurationList;
			buildConfigurations = (
				E472E32329652FBA005FBC71 /* Debug */,
				E472E32429652FBA005FBC71 /* Release */,
			);
			defaultConfigurationIsVisible = 0;
			defaultConfigurationName = Release;
		};
/* End XCConfigurationList section */

/* Begin XCVersionGroup section */
		E472E30C29628C2F005FBC71 /* FeedStore.xcdatamodeld */ = {
			isa = XCVersionGroup;
			children = (
				E472E30D29628C2F005FBC71 /* FeedStore.xcdatamodel */,
			);
			currentVersion = E472E30D29628C2F005FBC71 /* FeedStore.xcdatamodel */;
			path = FeedStore.xcdatamodeld;
			sourceTree = "<group>";
			versionGroupType = wrapper.xcdatamodel;
		};
/* End XCVersionGroup section */
	};
	rootObject = E4032401292CC1A60076CC97 /* Project object */;
}
